
Microsoft Visual Studio Solution File, Format Version 12.00
# Visual Studio 2012
Project("{FAE04EC0-301F-11D3-BF4B-00C04F79EFBC}") = "HelloCI.Web", "src\app\HelloCI.Web\HelloCI.Web.csproj", "{B6C0E9F7-9C76-46F8-819B-3BEAAF37FD91}"
EndProject
Project("{FAE04EC0-301F-11D3-BF4B-00C04F79EFBC}") = "HelloCI.Tests", "src\test\HelloCI.Tests\HelloCI.Tests.csproj", "{8F5D43E1-A12F-47CD-8900-A02DB72B9095}"
EndProject
Project("{FAE04EC0-301F-11D3-BF4B-00C04F79EFBC}") = "HelloCI.Core", "src\app\HelloCI.Core\HelloCI.Core.csproj", "{BAB92F5C-B957-43C4-92C4-6C66237AF75A}"
EndProject
Global
	GlobalSection(SolutionConfigurationPlatforms) = preSolution
		Debug|Any CPU = Debug|Any CPU
		Release|Any CPU = Release|Any CPU
	EndGlobalSection
	GlobalSection(ProjectConfigurationPlatforms) = postSolution
		{B6C0E9F7-9C76-46F8-819B-3BEAAF37FD91}.Debug|Any CPU.ActiveCfg = Debug|Any CPU
		{B6C0E9F7-9C76-46F8-819B-3BEAAF37FD91}.Debug|Any CPU.Build.0 = Debug|Any CPU
		{B6C0E9F7-9C76-46F8-819B-3BEAAF37FD91}.Release|Any CPU.ActiveCfg = Release|Any CPU
		{B6C0E9F7-9C76-46F8-819B-3BEAAF37FD91}.Release|Any CPU.Build.0 = Release|Any CPU
		{8F5D43E1-A12F-47CD-8900-A02DB72B9095}.Debug|Any CPU.ActiveCfg = Debug|Any CPU
		{8F5D43E1-A12F-47CD-8900-A02DB72B9095}.Debug|Any CPU.Build.0 = Debug|Any CPU
		{8F5D43E1-A12F-47CD-8900-A02DB72B9095}.Release|Any CPU.ActiveCfg = Release|Any CPU
		{8F5D43E1-A12F-47CD-8900-A02DB72B9095}.Release|Any CPU.Build.0 = Release|Any CPU
		{BAB92F5C-B957-43C4-92C4-6C66237AF75A}.Debug|Any CPU.ActiveCfg = Debug|Any CPU
		{BAB92F5C-B957-43C4-92C4-6C66237AF75A}.Debug|Any CPU.Build.0 = Debug|Any CPU
		{BAB92F5C-B957-43C4-92C4-6C66237AF75A}.Release|Any CPU.ActiveCfg = Release|Any CPU
		{BAB92F5C-B957-43C4-92C4-6C66237AF75A}.Release|Any CPU.Build.0 = Release|Any CPU
	EndGlobalSection
	GlobalSection(SolutionProperties) = preSolution
		HideSolutionNode = FALSE
	EndGlobalSection
EndGlobal
